# THIS IS AN AUTOGENERATED FILE. DO NOT EDIT THIS FILE DIRECTLY.
# yarn lockfile v1


"package-a@file:../packages/libs/package-a":
  version "1.0.0"
  dependencies:
    package-b "file:../../../../Users/baldurarna/AppData/Local/Yarn/Cache/v2/package-b"

"package-b@file:../packages/libs/package-b":
  version "1.0.0"
